
Microsoft Visual Studio Solution File, Format Version 12.00
# Visual Studio Version 17
VisualStudioVersion = 17.14.36221.1 d17.14
MinimumVisualStudioVersion = 10.0.40219.1
Project("{FAE04EC0-301F-11D3-BF4B-00C04F79EFBC}") = "StudentRegistrationOstad", "StudentRegistrationOstad\StudentRegistrationOstad.csproj", "{60B1549B-359E-4AF5-8531-9D2D839226BE}"
EndProject
Global
	GlobalSection(SolutionConfigurationPlatforms) = preSolution
		Debug|Any CPU = Debug|Any CPU
		Release|Any CPU = Release|Any CPU
	EndGlobalSection
	GlobalSection(ProjectConfigurationPlatforms) = postSolution
		{60B1549B-359E-4AF5-8531-9D2D839226BE}.Debug|Any CPU.ActiveCfg = Debug|Any CPU
		{60B1549B-359E-4AF5-8531-9D2D839226BE}.Debug|Any CPU.Build.0 = Debug|Any CPU
		{60B1549B-359E-4AF5-8531-9D2D839226BE}.Release|Any CPU.ActiveCfg = Release|Any CPU
		{60B1549B-359E-4AF5-8531-9D2D839226BE}.Release|Any CPU.Build.0 = Release|Any CPU
	EndGlobalSection
	GlobalSection(SolutionProperties) = preSolution
		HideSolutionNode = FALSE
	EndGlobalSection
	GlobalSection(ExtensibilityGlobals) = postSolution
		SolutionGuid = {C4EAB25C-3362-40B8-9ADA-EA695CE847B4}
	EndGlobalSection
EndGlobal
